
Microsoft Visual Studio Solution File, Format Version 12.00
# Visual Studio Version 17
VisualStudioVersion = 17.3.32825.248
MinimumVisualStudioVersion = 10.0.40219.1
Project("{9A19103F-16F7-4668-BE54-9A1E7A4F7556}") = "AgroFamily", "AgroFamily\AgroFamily.csproj", "{FCAB958C-6E60-4ABE-A552-7BC02BA98C50}"
EndProject
Global
	GlobalSection(SolutionConfigurationPlatforms) = preSolution
		Debug|Any CPU = Debug|Any CPU
		Release|Any CPU = Release|Any CPU
	EndGlobalSection
	GlobalSection(ProjectConfigurationPlatforms) = postSolution
		{FCAB958C-6E60-4ABE-A552-7BC02BA98C50}.Debug|Any CPU.ActiveCfg = Debug|Any CPU
		{FCAB958C-6E60-4ABE-A552-7BC02BA98C50}.Debug|Any CPU.Build.0 = Debug|Any CPU
		{FCAB958C-6E60-4ABE-A552-7BC02BA98C50}.Release|Any CPU.ActiveCfg = Release|Any CPU
		{FCAB958C-6E60-4ABE-A552-7BC02BA98C50}.Release|Any CPU.Build.0 = Release|Any CPU
	EndGlobalSection
	GlobalSection(SolutionProperties) = preSolution
		HideSolutionNode = FALSE
	EndGlobalSection
	GlobalSection(ExtensibilityGlobals) = postSolution
		SolutionGuid = {547C2A4B-FC59-49BA-B820-FD352667033A}
	EndGlobalSection
EndGlobal
